// !$*UTF8*$!
{
	archiveVersion = 1;
	classes = {
	};
	objectVersion = 77;
	objects = {

/* Begin PBXContainerItemProxy section */
		E6EE954C2F7E9B8800CC0B24 /* PBXContainerItemProxy */ = {
			isa = PBXContainerItemProxy;
			containerPortal = E6EE95352F7E9B8600CC0B24 /* Project object */;
			proxyType = 1;
			remoteGlobalIDString = E6EE953C2F7E9B8600CC0B24;
			remoteInfo = "code Island";
		};
		E6EE95562F7E9B8800CC0B24 /* PBXContainerItemProxy */ = {
			isa = PBXContainerItemProxy;
			containerPortal = E6EE95352F7E9B8600CC0B24 /* Project object */;
			proxyType = 1;
			remoteGlobalIDString = E6EE953C2F7E9B8600CC0B24;
			remoteInfo = "code Island";
		};
/* End PBXContainerItemProxy section */

/* Begin PBXFileReference section */
		E6EE953D2F7E9B8600CC0B24 /* code Island.app */ = {isa = PBXFileReference; explicitFileType = wrapper.application; includeInIndex = 0; path = "code Island.app"; sourceTree = BUILT_PRODUCTS_DIR; };
		E6EE954B2F7E9B8800CC0B24 /* code IslandTests.xctest */ = {isa = PBXFileReference; explicitFileType = wrapper.cfbundle; includeInIndex = 0; path = "code IslandTests.xctest"; sourceTree = BUILT_PRODUCTS_DIR; };
		E6EE95552F7E9B8800CC0B24 /* code IslandUITests.xctest */ = {isa = PBXFileReference; explicitFileType = wrapper.cfbundle; includeInIndex = 0; path = "code IslandUITests.xctest"; sourceTree = BUILT_PRODUCTS_DIR; };
/* End PBXFileReference section */

/* Begin PBXFileSystemSynchronizedRootGroup section */
		E6EE953F2F7E9B8600CC0B24 /* code Island */ = {
			isa = PBXFileSystemSynchronizedRootGroup;
			path = "code Island";
			sourceTree = "<group>";
		};
		E6EE954E2F7E9B8800CC0B24 /* code IslandTests */ = {
			isa = PBXFileSystemSynchronizedRootGroup;
			path = "code IslandTests";
			sourceTree = "<group>";
		};
		E6EE95582F7E9B8800CC0B24 /* code IslandUITests */ = {
			isa = PBXFileSystemSynchronizedRootGroup;
			path = "code IslandUITests";
			sourceTree = "<group>";
		};
/* End PBXFileSystemSynchronizedRootGroup section */

/* Begin PBXFrameworksBuildPhase section */
		E6EE953A2F7E9B8600CC0B24 /* Frameworks */ = {
			isa = PBXFrameworksBuildPhase;
			buildActionMask = 2147483647;
			files = (
			);
			runOnlyForDeploymentPostprocessing = 0;
		};
		E6EE95482F7E9B8800CC0B24 /* Frameworks */ = {
			isa = PBXFrameworksBuildPhase;
			buildActionMask = 2147483647;
			files = (
			);
			runOnlyForDeploymentPostprocessing = 0;
		};
		E6EE95522F7E9B8800CC0B24 /* Frameworks */ = {
			isa = PBXFrameworksBuildPhase;
			buildActionMask = 2147483647;
			files = (
			);
			runOnlyForDeploymentPostprocessing = 0;
		};
/* End PBXFrameworksBuildPhase section */

/* Begin PBXGroup section */
		E6EE95342F7E9B8600CC0B24 = {
			isa = PBXGroup;
			children = (
				E6EE953F2F7E9B8600CC0B24 /* code Island */,
				E6EE954E2F7E9B8800CC0B24 /* code IslandTests */,
				E6EE95582F7E9B8800CC0B24 /* code IslandUITests */,
				E6EE953E2F7E9B8600CC0B24 /* Products */,
			);
			sourceTree = "<group>";
		};
		E6EE953E2F7E9B8600CC0B24 /* Products */ = {
			isa = PBXGroup;
			children = (
				E6EE953D2F7E9B8600CC0B24 /* code Island.app */,
				E6EE954B2F7E9B8800CC0B24 /* code IslandTests.xctest */,
				E6EE95552F7E9B8800CC0B24 /* code IslandUITests.xctest */,
			);
			name = Products;
			sourceTree = "<group>";
		};
/* End PBXGroup section */

/* Begin PBXNativeTarget section */
		E6EE953C2F7E9B8600CC0B24 /* code Island */ = {
			isa = PBXNativeTarget;
			buildConfigurationList = E6EE955F2F7E9B8800CC0B24 /* Build configuration list for PBXNativeTarget "code Island" */;
			buildPhases = (
				E6EE95392F7E9B8600CC0B24 /* Sources */,
				E6EE953A2F7E9B8600CC0B24 /* Frameworks */,
				E6EE953B2F7E9B8600CC0B24 /* Resources */,
			);
			buildRules = (
			);
			dependencies = (
			);
			fileSystemSynchronizedGroups = (
				E6EE953F2F7E9B8600CC0B24 /* code Island */,
			);
			name = "code Island";
			packageProductDependencies = (
			);
			productName = "code Island";
			productReference = E6EE953D2F7E9B8600CC0B24 /* code Island.app */;
			productType = "com.apple.product-type.application";
		};
		E6EE954A2F7E9B8800CC0B24 /* code IslandTests */ = {
			isa = PBXNativeTarget;
			buildConfigurationList = E6EE95622F7E9B8800CC0B24 /* Build configuration list for PBXNativeTarget "code IslandTests" */;
			buildPhases = (
				E6EE95472F7E9B8800CC0B24 /* Sources */,
				E6EE95482F7E9B8800CC0B24 /* Frameworks */,
				E6EE95492F7E9B8800CC0B24 /* Resources */,
			);
			buildRules = (
			);
			dependencies = (
				E6EE954D2F7E9B8800CC0B24 /* PBXTargetDependency */,
			);
			fileSystemSynchronizedGroups = (
				E6EE954E2F7E9B8800CC0B24 /* code IslandTests */,
			);
			name = "code IslandTests";
			packageProductDependencies = (
			);
			productName = "code IslandTests";
			productReference = E6EE954B2F7E9B8800CC0B24 /* code IslandTests.xctest */;
			productType = "com.apple.product-type.bundle.unit-test";
		};
		E6EE95542F7E9B8800CC0B24 /* code IslandUITests */ = {
			isa = PBXNativeTarget;
			buildConfigurationList = E6EE95652F7E9B8800CC0B24 /* Build configuration list for PBXNativeTarget "code IslandUITests" */;
			buildPhases = (
				E6EE95512F7E9B8800CC0B24 /* Sources */,
				E6EE95522F7E9B8800CC0B24 /* Frameworks */,
				E6EE95532F7E9B8800CC0B24 /* Resources */,
			);
			buildRules = (
			);
			dependencies = (
				E6EE95572F7E9B8800CC0B24 /* PBXTargetDependency */,
			);
			fileSystemSynchronizedGroups = (
				E6EE95582F7E9B8800CC0B24 /* code IslandUITests */,
			);
			name = "code IslandUITests";
			packageProductDependencies = (
			);
			productName = "code IslandUITests";
			productReference = E6EE95552F7E9B8800CC0B24 /* code IslandUITests.xctest */;
			productType = "com.apple.product-type.bundle.ui-testing";
		};
/* End PBXNativeTarget section */

/* Begin PBXProject section */
		E6EE95352F7E9B8600CC0B24 /* Project object */ = {
			isa = PBXProject;
			attributes = {
				BuildIndependentTargetsInParallel = 1;
				LastSwiftUpdateCheck = 1640;
				LastUpgradeCheck = 1640;
				TargetAttributes = {
					E6EE953C2F7E9B8600CC0B24 = {
						CreatedOnToolsVersion = 16.4;
					};
					E6EE954A2F7E9B8800CC0B24 = {
						CreatedOnToolsVersion = 16.4;
						TestTargetID = E6EE953C2F7E9B8600CC0B24;
					};
					E6EE95542F7E9B8800CC0B24 = {
						CreatedOnToolsVersion = 16.4;
						TestTargetID = E6EE953C2F7E9B8600CC0B24;
					};
				};
			};
			buildConfigurationList = E6EE95382F7E9B8600CC0B24 /* Build configuration list for PBXProject "code Island" */;
			developmentRegion = en;
			hasScannedForEncodings = 0;
			knownRegions = (
				en,
				Base,
			);
			mainGroup = E6EE95342F7E9B8600CC0B24;
			minimizedProjectReferenceProxies = 1;
			preferredProjectObjectVersion = 77;
			productRefGroup = E6EE953E2F7E9B8600CC0B24 /* Products */;
			projectDirPath = "";
			projectRoot = "";
			targets = (
				E6EE953C2F7E9B8600CC0B24 /* code Island */,
				E6EE954A2F7E9B8800CC0B24 /* code IslandTests */,
				E6EE95542F7E9B8800CC0B24 /* code IslandUITests */,
			);
		};
/* End PBXProject section */

/* Begin PBXResourcesBuildPhase section */
		E6EE953B2F7E9B8600CC0B24 /* Resources */ = {
			isa = PBXResourcesBuildPhase;
			buildActionMask = 2147483647;
			files = (
			);
			runOnlyForDeploymentPostprocessing = 0;
		};
		E6EE95492F7E9B8800CC0B24 /* Resources */ = {
			isa = PBXResourcesBuildPhase;
			buildActionMask = 2147483647;
			files = (
			);
			runOnlyForDeploymentPostprocessing = 0;
		};
		E6EE95532F7E9B8800CC0B24 /* Resources */ = {
			isa = PBXResourcesBuildPhase;
			buildActionMask = 2147483647;
			files = (
			);
			runOnlyForDeploymentPostprocessing = 0;
		};
/* End PBXResourcesBuildPhase section */

/* Begin PBXSourcesBuildPhase section */
		E6EE95392F7E9B8600CC0B24 /* Sources */ = {
			isa = PBXSourcesBuildPhase;
			buildActionMask = 2147483647;
			files = (
			);
			runOnlyForDeploymentPostprocessing = 0;
		};
		E6EE95472F7E9B8800CC0B24 /* Sources */ = {
			isa = PBXSourcesBuildPhase;
			buildActionMask = 2147483647;
			files = (
			);
			runOnlyForDeploymentPostprocessing = 0;
		};
		E6EE95512F7E9B8800CC0B24 /* Sources */ = {
			isa = PBXSourcesBuildPhase;
			buildActionMask = 2147483647;
			files = (
			);
			runOnlyForDeploymentPostprocessing = 0;
		};
/* End PBXSourcesBuildPhase section */

/* Begin PBXTargetDependency section */
		E6EE954D2F7E9B8800CC0B24 /* PBXTargetDependency */ = {
			isa = PBXTargetDependency;
			target = E6EE953C2F7E9B8600CC0B24 /* code Island */;
			targetProxy = E6EE954C2F7E9B8800CC0B24 /* PBXContainerItemProxy */;
		};
		E6EE95572F7E9B8800CC0B24 /* PBXTargetDependency */ = {
			isa = PBXTargetDependency;
			target = E6EE953C2F7E9B8600CC0B24 /* code Island */;
			targetProxy = E6EE95562F7E9B8800CC0B24 /* PBXContainerItemProxy */;
		};
/* End PBXTargetDependency section */

/* Begin XCBuildConfiguration section */
		E6EE955D2F7E9B8800CC0B24 /* Debug */ = {
			isa = XCBuildConfiguration;
			buildSettings = {
				ALWAYS_SEARCH_USER_PATHS = NO;
				ASSETCATALOG_COMPILER_GENERATE_SWIFT_ASSET_SYMBOL_EXTENSIONS = YES;
				CLANG_ANALYZER_NONNULL = YES;
				CLANG_ANALYZER_NUMBER_OBJECT_CONVERSION = YES_AGGRESSIVE;
				CLANG_CXX_LANGUAGE_STANDARD = "gnu++20";
				CLANG_ENABLE_MODULES = YES;
				CLANG_ENABLE_OBJC_ARC = YES;
				CLANG_ENABLE_OBJC_WEAK = YES;
				CLANG_WARN_BLOCK_CAPTURE_AUTORELEASING = YES;
				CLANG_WARN_BOOL_CONVERSION = YES;
				CLANG_WARN_COMMA = YES;
				CLANG_WARN_CONSTANT_CONVERSION = YES;
				CLANG_WARN_DEPRECATED_OBJC_IMPLEMENTATIONS = YES;
				CLANG_WARN_DIRECT_OBJC_ISA_USAGE = YES_ERROR;
				CLANG_WARN_DOCUMENTATION_COMMENTS = YES;
				CLANG_WARN_EMPTY_BODY = YES;
				CLANG_WARN_ENUM_CONVERSION = YES;
				CLANG_WARN_INFINITE_RECURSION = YES;
				CLANG_WARN_INT_CONVERSION = YES;
				CLANG_WARN_NON_LITERAL_NULL_CONVERSION = YES;
				CLANG_WARN_OBJC_IMPLICIT_RETAIN_SELF = YES;
				CLANG_WARN_OBJC_LITERAL_CONVERSION = YES;
				CLANG_WARN_OBJC_ROOT_CLASS = YES_ERROR;
				CLANG_WARN_QUOTED_INCLUDE_IN_FRAMEWORK_HEADER = YES;
				CLANG_WARN_RANGE_LOOP_ANALYSIS = YES;
				CLANG_WARN_STRICT_PROTOTYPES = YES;
				CLANG_WARN_SUSPICIOUS_MOVE = YES;
				CLANG_WARN_UNGUARDED_AVAILABILITY = YES_AGGRESSIVE;
				CLANG_WARN_UNREACHABLE_CODE = YES;
				CLANG_WARN__DUPLICATE_METHOD_MATCH = YES;
				COPY_PHASE_STRIP = NO;
				DEBUG_INFORMATION_FORMAT = dwarf;
				ENABLE_STRICT_OBJC_MSGSEND = YES;
				ENABLE_TESTABILITY = YES;
				ENABLE_USER_SCRIPT_SANDBOXING = YES;
				GCC_C_LANGUAGE_STANDARD = gnu17;
				GCC_DYNAMIC_NO_PIC = NO;
				GCC_NO_COMMON_BLOCKS = YES;
				GCC_OPTIMIZATION_LEVEL = 0;
				GCC_PREPROCESSOR_DEFINITIONS = (
					"DEBUG=1",
					"$(inherited)",
				);
				GCC_WARN_64_TO_32_BIT_CONVERSION = YES;
				GCC_WARN_ABOUT_RETURN_TYPE = YES_ERROR;
				GCC_WARN_UNDECLARED_SELECTOR = YES;
				GCC_WARN_UNINITIALIZED_AUTOS = YES_AGGRESSIVE;
				GCC_WARN_UNUSED_FUNCTION = YES;
				GCC_WARN_UNUSED_VARIABLE = YES;
				LOCALIZATION_PREFERS_STRING_CATALOGS = YES;
				MACOSX_DEPLOYMENT_TARGET = 15.5;
				MTL_ENABLE_DEBUG_INFO = INCLUDE_SOURCE;
				MTL_FAST_MATH = YES;
				ONLY_ACTIVE_ARCH = YES;
				SDKROOT = macosx;
				SWIFT_ACTIVE_COMPILATION_CONDITIONS = "DEBUG $(inherited)";
				SWIFT_OPTIMIZATION_LEVEL = "-Onone";
			};
			name = Debug;
		};
		E6EE955E2F7E9B8800CC0B24 /* Release */ = {
			isa = XCBuildConfiguration;
			buildSettings = {
				ALWAYS_SEARCH_USER_PATHS = NO;
				ASSETCATALOG_COMPILER_GENERATE_SWIFT_ASSET_SYMBOL_EXTENSIONS = YES;
				CLANG_ANALYZER_NONNULL = YES;
				CLANG_ANALYZER_NUMBER_OBJECT_CONVERSION = YES_AGGRESSIVE;
				CLANG_CXX_LANGUAGE_STANDARD = "gnu++20";
				CLANG_ENABLE_MODULES = YES;
				CLANG_ENABLE_OBJC_ARC = YES;
				CLANG_ENABLE_OBJC_WEAK = YES;
				CLANG_WARN_BLOCK_CAPTURE_AUTORELEASING = YES;
				CLANG_WARN_BOOL_CONVERSION = YES;
				CLANG_WARN_COMMA = YES;
				CLANG_WARN_CONSTANT_CONVERSION = YES;
				CLANG_WARN_DEPRECATED_OBJC_IMPLEMENTATIONS = YES;
				CLANG_WARN_DIRECT_OBJC_ISA_USAGE = YES_ERROR;
				CLANG_WARN_DOCUMENTATION_COMMENTS = YES;
				CLANG_WARN_EMPTY_BODY = YES;
				CLANG_WARN_ENUM_CONVERSION = YES;
				CLANG_WARN_INFINITE_RECURSION = YES;
				CLANG_WARN_INT_CONVERSION = YES;
				CLANG_WARN_NON_LITERAL_NULL_CONVERSION = YES;
				CLANG_WARN_OBJC_IMPLICIT_RETAIN_SELF = YES;
				CLANG_WARN_OBJC_LITERAL_CONVERSION = YES;
				CLANG_WARN_OBJC_ROOT_CLASS = YES_ERROR;
				CLANG_WARN_QUOTED_INCLUDE_IN_FRAMEWORK_HEADER = YES;
				CLANG_WARN_RANGE_LOOP_ANALYSIS = YES;
				CLANG_WARN_STRICT_PROTOTYPES = YES;
				CLANG_WARN_SUSPICIOUS_MOVE = YES;
				CLANG_WARN_UNGUARDED_AVAILABILITY = YES_AGGRESSIVE;
				CLANG_WARN_UNREACHABLE_CODE = YES;
				CLANG_WARN__DUPLICATE_METHOD_MATCH = YES;
				COPY_PHASE_STRIP = NO;
				DEBUG_INFORMATION_FORMAT = "dwarf-with-dsym";
				ENABLE_NS_ASSERTIONS = NO;
				ENABLE_STRICT_OBJC_MSGSEND = YES;
				ENABLE_USER_SCRIPT_SANDBOXING = YES;
				GCC_C_LANGUAGE_STANDARD = gnu17;
				GCC_NO_COMMON_BLOCKS = YES;
				GCC_WARN_64_TO_32_BIT_CONVERSION = YES;
				GCC_WARN_ABOUT_RETURN_TYPE = YES_ERROR;
				GCC_WARN_UNDECLARED_SELECTOR = YES;
				GCC_WARN_UNINITIALIZED_AUTOS = YES_AGGRESSIVE;
				GCC_WARN_UNUSED_FUNCTION = YES;
				GCC_WARN_UNUSED_VARIABLE = YES;
				LOCALIZATION_PREFERS_STRING_CATALOGS = YES;
				MACOSX_DEPLOYMENT_TARGET = 15.5;
				MTL_ENABLE_DEBUG_INFO = NO;
				MTL_FAST_MATH = YES;
				SDKROOT = macosx;
				SWIFT_COMPILATION_MODE = wholemodule;
			};
			name = Release;
		};
		E6EE95602F7E9B8800CC0B24 /* Debug */ = {
			isa = XCBuildConfiguration;
			buildSettings = {
				ASSETCATALOG_COMPILER_APPICON_NAME = AppIcon;
				ASSETCATALOG_COMPILER_GLOBAL_ACCENT_COLOR_NAME = AccentColor;
				CODE_SIGN_ENTITLEMENTS = "code Island/code_Island.entitlements";
				CODE_SIGN_STYLE = Automatic;
				COMBINE_HIDPI_IMAGES = YES;
				CURRENT_PROJECT_VERSION = 1;
				ENABLE_PREVIEWS = YES;
				GENERATE_INFOPLIST_FILE = YES;
				INFOPLIST_KEY_NSHumanReadableCopyright = "";
				LD_RUNPATH_SEARCH_PATHS = (
					"$(inherited)",
					"@executable_path/../Frameworks",
				);
				MARKETING_VERSION = 1.0;
				PRODUCT_BUNDLE_IDENTIFIER = "xiaoo.code-Island";
				PRODUCT_NAME = "$(TARGET_NAME)";
				REGISTER_APP_GROUPS = YES;
				SWIFT_EMIT_LOC_STRINGS = YES;
				SWIFT_VERSION = 5.0;
			};
			name = Debug;
		};
		E6EE95612F7E9B8800CC0B24 /* Release */ = {
			isa = XCBuildConfiguration;
			buildSettings = {
				ASSETCATALOG_COMPILER_APPICON_NAME = AppIcon;
				ASSETCATALOG_COMPILER_GLOBAL_ACCENT_COLOR_NAME = AccentColor;
				CODE_SIGN_ENTITLEMENTS = "code Island/code_Island.entitlements";
				CODE_SIGN_STYLE = Automatic;
				COMBINE_HIDPI_IMAGES = YES;
				CURRENT_PROJECT_VERSION = 1;
				ENABLE_PREVIEWS = YES;
				GENERATE_INFOPLIST_FILE = YES;
				INFOPLIST_KEY_NSHumanReadableCopyright = "";
				LD_RUNPATH_SEARCH_PATHS = (
					"$(inherited)",
					"@executable_path/../Frameworks",
				);
				MARKETING_VERSION = 1.0;
				PRODUCT_BUNDLE_IDENTIFIER = "xiaoo.code-Island";
				PRODUCT_NAME = "$(TARGET_NAME)";
				REGISTER_APP_GROUPS = YES;
				SWIFT_EMIT_LOC_STRINGS = YES;
				SWIFT_VERSION = 5.0;
			};
			name = Release;
		};
		E6EE95632F7E9B8800CC0B24 /* Debug */ = {
			isa = XCBuildConfiguration;
			buildSettings = {
				BUNDLE_LOADER = "$(TEST_HOST)";
				CODE_SIGN_STYLE = Automatic;
				CURRENT_PROJECT_VERSION = 1;
				GENERATE_INFOPLIST_FILE = YES;
				MACOSX_DEPLOYMENT_TARGET = 15.5;
				MARKETING_VERSION = 1.0;
				PRODUCT_BUNDLE_IDENTIFIER = "xiaoo.code-IslandTests";
				PRODUCT_NAME = "$(TARGET_NAME)";
				SWIFT_EMIT_LOC_STRINGS = NO;
				SWIFT_VERSION = 5.0;
				TEST_HOST = "$(BUILT_PRODUCTS_DIR)/code Island.app/$(BUNDLE_EXECUTABLE_FOLDER_PATH)/code Island";
			};
			name = Debug;
		};
		E6EE95642F7E9B8800CC0B24 /* Release */ = {
			isa = XCBuildConfiguration;
			buildSettings = {
				BUNDLE_LOADER = "$(TEST_HOST)";
				CODE_SIGN_STYLE = Automatic;
				CURRENT_PROJECT_VERSION = 1;
				GENERATE_INFOPLIST_FILE = YES;
				MACOSX_DEPLOYMENT_TARGET = 15.5;
				MARKETING_VERSION = 1.0;
				PRODUCT_BUNDLE_IDENTIFIER = "xiaoo.code-IslandTests";
				PRODUCT_NAME = "$(TARGET_NAME)";
				SWIFT_EMIT_LOC_STRINGS = NO;
				SWIFT_VERSION = 5.0;
				TEST_HOST = "$(BUILT_PRODUCTS_DIR)/code Island.app/$(BUNDLE_EXECUTABLE_FOLDER_PATH)/code Island";
			};
			name = Release;
		};
		E6EE95662F7E9B8800CC0B24 /* Debug */ = {
			isa = XCBuildConfiguration;
			buildSettings = {
				CODE_SIGN_STYLE = Automatic;
				CURRENT_PROJECT_VERSION = 1;
				GENERATE_INFOPLIST_FILE = YES;
				MARKETING_VERSION = 1.0;
				PRODUCT_BUNDLE_IDENTIFIER = "xiaoo.code-IslandUITests";
				PRODUCT_NAME = "$(TARGET_NAME)";
				SWIFT_EMIT_LOC_STRINGS = NO;
				SWIFT_VERSION = 5.0;
				TEST_TARGET_NAME = "code Island";
			};
			name = Debug;
		};
		E6EE95672F7E9B8800CC0B24 /* Release */ = {
			isa = XCBuildConfiguration;
			buildSettings = {
				CODE_SIGN_STYLE = Automatic;
				CURRENT_PROJECT_VERSION = 1;
				GENERATE_INFOPLIST_FILE = YES;
				MARKETING_VERSION = 1.0;
				PRODUCT_BUNDLE_IDENTIFIER = "xiaoo.code-IslandUITests";
				PRODUCT_NAME = "$(TARGET_NAME)";
				SWIFT_EMIT_LOC_STRINGS = NO;
				SWIFT_VERSION = 5.0;
				TEST_TARGET_NAME = "code Island";
			};
			name = Release;
		};
/* End XCBuildConfiguration section */

/* Begin XCConfigurationList section */
		E6EE95382F7E9B8600CC0B24 /* Build configuration list for PBXProject "code Island" */ = {
			isa = XCConfigurationList;
			buildConfigurations = (
				E6EE955D2F7E9B8800CC0B24 /* Debug */,
				E6EE955E2F7E9B8800CC0B24 /* Release */,
			);
			defaultConfigurationIsVisible = 0;
			defaultConfigurationName = Release;
		};
		E6EE955F2F7E9B8800CC0B24 /* Build configuration list for PBXNativeTarget "code Island" */ = {
			isa = XCConfigurationList;
			buildConfigurations = (
				E6EE95602F7E9B8800CC0B24 /* Debug */,
				E6EE95612F7E9B8800CC0B24 /* Release */,
			);
			defaultConfigurationIsVisible = 0;
			defaultConfigurationName = Release;
		};
		E6EE95622F7E9B8800CC0B24 /* Build configuration list for PBXNativeTarget "code IslandTests" */ = {
			isa = XCConfigurationList;
			buildConfigurations = (
				E6EE95632F7E9B8800CC0B24 /* Debug */,
				E6EE95642F7E9B8800CC0B24 /* Release */,
			);
			defaultConfigurationIsVisible = 0;
			defaultConfigurationName = Release;
		};
		E6EE95652F7E9B8800CC0B24 /* Build configuration list for PBXNativeTarget "code IslandUITests" */ = {
			isa = XCConfigurationList;
			buildConfigurations = (
				E6EE95662F7E9B8800CC0B24 /* Debug */,
				E6EE95672F7E9B8800CC0B24 /* Release */,
			);
			defaultConfigurationIsVisible = 0;
			defaultConfigurationName = Release;
		};
/* End XCConfigurationList section */
	};
	rootObject = E6EE95352F7E9B8600CC0B24 /* Project object */;
}
